
Microsoft Visual Studio Solution File, Format Version 12.00
# Visual Studio 2012
Project("{8BC9CEB8-8B4A-11D0-8D11-00A0C91BC942}") = "CoffeeShop", "CoffeeShop\CoffeeShop.vcxproj", "{2313B429-9BBE-400F-BB9E-463A6D8840DF}"
EndProject
Project("{8BC9CEB8-8B4A-11D0-8D11-00A0C91BC942}") = "IBCool", "IBeCool\IBCool.vcxproj", "{6D0E1332-4C3A-48D1-AE92-A2F11D5AEDEC}"
EndProject
Project("{8BC9CEB8-8B4A-11D0-8D11-00A0C91BC942}") = "Picasso", "Picasso\Picasso.vcxproj", "{5B8ED202-DB38-4C76-9121-20801EE0B82C}"
EndProject
Project("{8BC9CEB8-8B4A-11D0-8D11-00A0C91BC942}") = "GOL", "GOL\GOL.vcxproj", "{6D10622C-87BC-4AE2-8615-0B79C01B93AF}"
EndProject
Project("{8BC9CEB8-8B4A-11D0-8D11-00A0C91BC942}") = "LetsDoStatic", "LetsDoStatic\LetsDoStatic.vcxproj", "{34252318-0678-4BE1-9ADD-2805C4A65A36}"
EndProject
Project("{8BC9CEB8-8B4A-11D0-8D11-00A0C91BC942}") = "PrisonBreak", "PrisonBreak\PrisonBreak.vcxproj", "{92FF4769-8C2B-4922-B4FF-5A98949DD0FC}"
EndProject
Project("{8BC9CEB8-8B4A-11D0-8D11-00A0C91BC942}") = "TestGol", "TestGol\TestGol.vcxproj", "{9F71D177-D827-4D6E-95C7-63A016C4392C}"
EndProject
Project("{8BC9CEB8-8B4A-11D0-8D11-00A0C91BC942}") = "ObstacleCourse", "ObstacleCourse\ObstacleCourse.vcxproj", "{24D1B59C-5B48-42A6-8333-A0807C194BEB}"
EndProject
Project("{8BC9CEB8-8B4A-11D0-8D11-00A0C91BC942}") = "YourWishIs", "YourWishIs\YourWishIs.vcxproj", "{5E9BD9AE-AE04-4807-B5C0-CCDC0844E720}"
EndProject
Global
	GlobalSection(SolutionConfigurationPlatforms) = preSolution
		Debug|Win32 = Debug|Win32
		Release|Win32 = Release|Win32
	EndGlobalSection
	GlobalSection(ProjectConfigurationPlatforms) = postSolution
		{2313B429-9BBE-400F-BB9E-463A6D8840DF}.Debug|Win32.ActiveCfg = Debug|Win32
		{2313B429-9BBE-400F-BB9E-463A6D8840DF}.Debug|Win32.Build.0 = Debug|Win32
		{2313B429-9BBE-400F-BB9E-463A6D8840DF}.Release|Win32.ActiveCfg = Release|Win32
		{2313B429-9BBE-400F-BB9E-463A6D8840DF}.Release|Win32.Build.0 = Release|Win32
		{6D0E1332-4C3A-48D1-AE92-A2F11D5AEDEC}.Debug|Win32.ActiveCfg = Debug|Win32
		{6D0E1332-4C3A-48D1-AE92-A2F11D5AEDEC}.Debug|Win32.Build.0 = Debug|Win32
		{6D0E1332-4C3A-48D1-AE92-A2F11D5AEDEC}.Release|Win32.ActiveCfg = Release|Win32
		{6D0E1332-4C3A-48D1-AE92-A2F11D5AEDEC}.Release|Win32.Build.0 = Release|Win32
		{5B8ED202-DB38-4C76-9121-20801EE0B82C}.Debug|Win32.ActiveCfg = Debug|Win32
		{5B8ED202-DB38-4C76-9121-20801EE0B82C}.Debug|Win32.Build.0 = Debug|Win32
		{5B8ED202-DB38-4C76-9121-20801EE0B82C}.Release|Win32.ActiveCfg = Release|Win32
		{5B8ED202-DB38-4C76-9121-20801EE0B82C}.Release|Win32.Build.0 = Release|Win32
		{6D10622C-87BC-4AE2-8615-0B79C01B93AF}.Debug|Win32.ActiveCfg = Debug|Win32
		{6D10622C-87BC-4AE2-8615-0B79C01B93AF}.Debug|Win32.Build.0 = Debug|Win32
		{6D10622C-87BC-4AE2-8615-0B79C01B93AF}.Release|Win32.ActiveCfg = Release|Win32
		{6D10622C-87BC-4AE2-8615-0B79C01B93AF}.Release|Win32.Build.0 = Release|Win32
		{34252318-0678-4BE1-9ADD-2805C4A65A36}.Debug|Win32.ActiveCfg = Debug|Win32
		{34252318-0678-4BE1-9ADD-2805C4A65A36}.Debug|Win32.Build.0 = Debug|Win32
		{34252318-0678-4BE1-9ADD-2805C4A65A36}.Release|Win32.ActiveCfg = Release|Win32
		{34252318-0678-4BE1-9ADD-2805C4A65A36}.Release|Win32.Build.0 = Release|Win32
		{92FF4769-8C2B-4922-B4FF-5A98949DD0FC}.Debug|Win32.ActiveCfg = Debug|Win32
		{92FF4769-8C2B-4922-B4FF-5A98949DD0FC}.Debug|Win32.Build.0 = Debug|Win32
		{92FF4769-8C2B-4922-B4FF-5A98949DD0FC}.Release|Win32.ActiveCfg = Release|Win32
		{92FF4769-8C2B-4922-B4FF-5A98949DD0FC}.Release|Win32.Build.0 = Release|Win32
		{9F71D177-D827-4D6E-95C7-63A016C4392C}.Debug|Win32.ActiveCfg = Debug|Win32
		{9F71D177-D827-4D6E-95C7-63A016C4392C}.Debug|Win32.Build.0 = Debug|Win32
		{9F71D177-D827-4D6E-95C7-63A016C4392C}.Release|Win32.ActiveCfg = Release|Win32
		{9F71D177-D827-4D6E-95C7-63A016C4392C}.Release|Win32.Build.0 = Release|Win32
		{24D1B59C-5B48-42A6-8333-A0807C194BEB}.Debug|Win32.ActiveCfg = Debug|Win32
		{24D1B59C-5B48-42A6-8333-A0807C194BEB}.Debug|Win32.Build.0 = Debug|Win32
		{24D1B59C-5B48-42A6-8333-A0807C194BEB}.Release|Win32.ActiveCfg = Release|Win32
		{24D1B59C-5B48-42A6-8333-A0807C194BEB}.Release|Win32.Build.0 = Release|Win32
		{5E9BD9AE-AE04-4807-B5C0-CCDC0844E720}.Debug|Win32.ActiveCfg = Debug|Win32
		{5E9BD9AE-AE04-4807-B5C0-CCDC0844E720}.Debug|Win32.Build.0 = Debug|Win32
		{5E9BD9AE-AE04-4807-B5C0-CCDC0844E720}.Release|Win32.ActiveCfg = Release|Win32
		{5E9BD9AE-AE04-4807-B5C0-CCDC0844E720}.Release|Win32.Build.0 = Release|Win32
	EndGlobalSection
	GlobalSection(SolutionProperties) = preSolution
		HideSolutionNode = FALSE
	EndGlobalSection
EndGlobal
